
Microsoft Visual Studio Solution File, Format Version 12.00
# Visual Studio 15
VisualStudioVersion = 15.0.27004.2006
MinimumVisualStudioVersion = 10.0.40219.1
Project("{9A19103F-16F7-4668-BE54-9A1E7A4F7556}") = "osu.Game", "osu.Game\osu.Game.csproj", "{2A66DD92-ADB1-4994-89E2-C94E04ACDA0D}"
EndProject
Project("{9A19103F-16F7-4668-BE54-9A1E7A4F7556}") = "osu.Game.Resources", "osu-resources\osu.Game.Resources\osu.Game.Resources.csproj", "{D9A367C9-4C1A-489F-9B05-A0CEA2B53B58}"
EndProject
Project("{9A19103F-16F7-4668-BE54-9A1E7A4F7556}") = "osu.Game.Rulesets.Osu", "osu.Game.Rulesets.Osu\osu.Game.Rulesets.Osu.csproj", "{C92A607B-1FDD-4954-9F92-03FF547D9080}"
EndProject
Project("{9A19103F-16F7-4668-BE54-9A1E7A4F7556}") = "osu.Game.Rulesets.Catch", "osu.Game.Rulesets.Catch\osu.Game.Rulesets.Catch.csproj", "{58F6C80C-1253-4A0E-A465-B8C85EBEADF3}"
EndProject
Project("{9A19103F-16F7-4668-BE54-9A1E7A4F7556}") = "osu.Game.Rulesets.Taiko", "osu.Game.Rulesets.Taiko\osu.Game.Rulesets.Taiko.csproj", "{F167E17A-7DE6-4AF5-B920-A5112296C695}"
EndProject
Project("{9A19103F-16F7-4668-BE54-9A1E7A4F7556}") = "osu.Game.Rulesets.Mania", "osu.Game.Rulesets.Mania\osu.Game.Rulesets.Mania.csproj", "{48F4582B-7687-4621-9CBE-5C24197CB536}"
EndProject
Project("{9A19103F-16F7-4668-BE54-9A1E7A4F7556}") = "osu.Game.Tests", "osu.Game.Tests\osu.Game.Tests.csproj", "{54377672-20B1-40AF-8087-5CF73BF3953A}"
EndProject
Project("{9A19103F-16F7-4668-BE54-9A1E7A4F7556}") = "osu.Desktop", "osu.Desktop\osu.Desktop.csproj", "{419659FD-72EA-4678-9EB8-B22A746CED70}"
EndProject
Project("{9A19103F-16F7-4668-BE54-9A1E7A4F7556}") = "osu.Game.Rulesets.Catch.Tests", "osu.Game.Rulesets.Catch.Tests\osu.Game.Rulesets.Catch.Tests.csproj", "{3AD63355-D6B1-4365-8D31-5652C989BEF1}"
EndProject
Project("{9A19103F-16F7-4668-BE54-9A1E7A4F7556}") = "osu.Game.Rulesets.Mania.Tests", "osu.Game.Rulesets.Mania.Tests\osu.Game.Rulesets.Mania.Tests.csproj", "{7E9E9C34-B204-406B-82E2-E01E900699CD}"
EndProject
Project("{9A19103F-16F7-4668-BE54-9A1E7A4F7556}") = "osu.Game.Rulesets.Taiko.Tests", "osu.Game.Rulesets.Taiko.Tests\osu.Game.Rulesets.Taiko.Tests.csproj", "{B698561F-FB28-46B1-857E-3CA7B92F9D70}"
EndProject
Project("{9A19103F-16F7-4668-BE54-9A1E7A4F7556}") = "osu.Game.Rulesets.Osu.Tests", "osu.Game.Rulesets.Osu.Tests\osu.Game.Rulesets.Osu.Tests.csproj", "{6A2D5D58-0261-4A75-BE84-2BE8B076B7C2}"
EndProject
Project("{2150E333-8FDC-42A3-9474-1A3956D46DE8}") = "Symcol.Core", "Symcol.Core", "{C3F7E057-DE37-418D-8504-A518838731D2}"
EndProject
Project("{2150E333-8FDC-42A3-9474-1A3956D46DE8}") = "Symcol.osu", "Symcol.osu", "{8F8B94C1-05A4-4363-82EA-70F45EA25734}"
EndProject
Project("{9A19103F-16F7-4668-BE54-9A1E7A4F7556}") = "osu.Framework", "..\Symcol.Core\osu-framework\osu.Framework\osu.Framework.csproj", "{C76BF5B3-985E-4D39-95FE-97C9C879B83A}"
EndProject
Project("{9A19103F-16F7-4668-BE54-9A1E7A4F7556}") = "SampleGame", "..\Symcol.Core\osu-framework\SampleGame\SampleGame.csproj", "{80600185-4EE0-4585-AC64-119F261D837C}"
EndProject
Project("{9A19103F-16F7-4668-BE54-9A1E7A4F7556}") = "osu.Framework.Tests", "..\Symcol.Core\osu-framework\osu.Framework.Tests\osu.Framework.Tests.csproj", "{79803407-6F50-484F-93F5-641911EABD8A}"
EndProject
Project("{2150E333-8FDC-42A3-9474-1A3956D46DE8}") = "osu-framework", "osu-framework", "{062A4E9D-E5BC-4232-94F1-0161692203B6}"
EndProject
Project("{9A19103F-16F7-4668-BE54-9A1E7A4F7556}") = "Symcol.Base", "..\Symcol.Core\Symcol.Base\Symcol.Base.csproj", "{70B2AB0E-A196-4C07-892B-061EC1CD73C2}"
EndProject
Project("{9A19103F-16F7-4668-BE54-9A1E7A4F7556}") = "Symcol.Networking", "..\Symcol.Core\Symcol.Networking\Symcol.Networking.csproj", "{BC0538D9-FEE9-451E-8026-C4872D2111C3}"
EndProject
Project("{9A19103F-16F7-4668-BE54-9A1E7A4F7556}") = "Symcol.NeuralNetworking", "..\Symcol.Core\Symcol.NeuralNetworking\Symcol.NeuralNetworking.csproj", "{106553E8-E32D-44AB-B17A-C79E0B950BF2}"
EndProject
Project("{9A19103F-16F7-4668-BE54-9A1E7A4F7556}") = "osu.Game.Rulesets.Vitaru", "osu.Game.Rulesets.Vitaru\osu.Game.Rulesets.Vitaru.csproj", "{F7408D31-24C8-4AEA-BE51-48F78FD14263}"
EndProject
Project("{9A19103F-16F7-4668-BE54-9A1E7A4F7556}") = "osu.Game.Rulesets.Shape", "osu.Game.Rulesets.Shape\osu.Game.Rulesets.Shape.csproj", "{90F4414E-3A76-4C43-940A-C50D25B2F995}"
EndProject
Project("{9A19103F-16F7-4668-BE54-9A1E7A4F7556}") = "osu.Core", "Symcol\osu.Core\osu.Core.csproj", "{D6832AA4-0BE7-4AC1-98CF-36558F6EAE86}"
EndProject
Project("{9A19103F-16F7-4668-BE54-9A1E7A4F7556}") = "osu.Mods.Evast", "Symcol\osu.Mods.Evast\osu.Mods.Evast.csproj", "{4933D250-3EFF-411F-A360-373C242634B2}"
EndProject
Project("{9A19103F-16F7-4668-BE54-9A1E7A4F7556}") = "osu.Mods.Multi", "Symcol\osu.Mods.Multi\osu.Mods.Multi.csproj", "{5908A72E-465D-4C4B-ACC2-E7132DAB6E4A}"
EndProject
Project("{9A19103F-16F7-4668-BE54-9A1E7A4F7556}") = "osu.Mods.MapMixer", "Symcol\osu.Mods.MapMixer\osu.Mods.MapMixer.csproj", "{1879C784-E9EB-4D22-AFCF-AE476D4324D5}"
EndProject
Project("{9A19103F-16F7-4668-BE54-9A1E7A4F7556}") = "osu.Mods.Rulesets.Core", "Symcol\osu.Mods.Rulesets.Core\osu.Mods.Rulesets.Core.csproj", "{21A6182C-58BC-417D-BA7F-F7E2CD2F21BA}"
EndProject
Project("{2150E333-8FDC-42A3-9474-1A3956D46DE8}") = "Rulesets", "Rulesets", "{5581B540-69E1-47AB-B12C-8CDC33FF038D}"
EndProject
Project("{2150E333-8FDC-42A3-9474-1A3956D46DE8}") = "Tests", "Tests", "{647429BB-8759-451E-BA96-300F41554B2C}"
EndProject
Project("{9A19103F-16F7-4668-BE54-9A1E7A4F7556}") = "osu.Game.Rulesets.Circles", "osu.Game.Rulesets.Circles\osu.Game.Rulesets.Circles.csproj", "{9A307287-65B5-46AC-86B4-EA69C7FA2FFA}"
EndProject
Project("{9A19103F-16F7-4668-BE54-9A1E7A4F7556}") = "osu.Game.Rulesets.Classic", "osu.Game.Rulesets.Classic\osu.Game.Rulesets.Classic.csproj", "{ED7FA787-4E9C-4A02-AA6C-EE1D4FB39814}"
EndProject
Global
	GlobalSection(SolutionConfigurationPlatforms) = preSolution
		Debug|Any CPU = Debug|Any CPU
		Release|Any CPU = Release|Any CPU
	EndGlobalSection
	GlobalSection(ProjectConfigurationPlatforms) = postSolution
		{2A66DD92-ADB1-4994-89E2-C94E04ACDA0D}.Debug|Any CPU.ActiveCfg = Debug|Any CPU
		{2A66DD92-ADB1-4994-89E2-C94E04ACDA0D}.Debug|Any CPU.Build.0 = Debug|Any CPU
		{2A66DD92-ADB1-4994-89E2-C94E04ACDA0D}.Release|Any CPU.ActiveCfg = Release|Any CPU
		{2A66DD92-ADB1-4994-89E2-C94E04ACDA0D}.Release|Any CPU.Build.0 = Release|Any CPU
		{D9A367C9-4C1A-489F-9B05-A0CEA2B53B58}.Debug|Any CPU.ActiveCfg = Debug|Any CPU
		{D9A367C9-4C1A-489F-9B05-A0CEA2B53B58}.Debug|Any CPU.Build.0 = Debug|Any CPU
		{D9A367C9-4C1A-489F-9B05-A0CEA2B53B58}.Release|Any CPU.ActiveCfg = Release|Any CPU
		{D9A367C9-4C1A-489F-9B05-A0CEA2B53B58}.Release|Any CPU.Build.0 = Release|Any CPU
		{C92A607B-1FDD-4954-9F92-03FF547D9080}.Debug|Any CPU.ActiveCfg = Debug|Any CPU
		{C92A607B-1FDD-4954-9F92-03FF547D9080}.Debug|Any CPU.Build.0 = Debug|Any CPU
		{C92A607B-1FDD-4954-9F92-03FF547D9080}.Release|Any CPU.ActiveCfg = Release|Any CPU
		{C92A607B-1FDD-4954-9F92-03FF547D9080}.Release|Any CPU.Build.0 = Release|Any CPU
		{58F6C80C-1253-4A0E-A465-B8C85EBEADF3}.Debug|Any CPU.ActiveCfg = Debug|Any CPU
		{58F6C80C-1253-4A0E-A465-B8C85EBEADF3}.Debug|Any CPU.Build.0 = Debug|Any CPU
		{58F6C80C-1253-4A0E-A465-B8C85EBEADF3}.Release|Any CPU.ActiveCfg = Release|Any CPU
		{58F6C80C-1253-4A0E-A465-B8C85EBEADF3}.Release|Any CPU.Build.0 = Release|Any CPU
		{F167E17A-7DE6-4AF5-B920-A5112296C695}.Debug|Any CPU.ActiveCfg = Debug|Any CPU
		{F167E17A-7DE6-4AF5-B920-A5112296C695}.Debug|Any CPU.Build.0 = Debug|Any CPU
		{F167E17A-7DE6-4AF5-B920-A5112296C695}.Release|Any CPU.ActiveCfg = Release|Any CPU
		{F167E17A-7DE6-4AF5-B920-A5112296C695}.Release|Any CPU.Build.0 = Release|Any CPU
		{48F4582B-7687-4621-9CBE-5C24197CB536}.Debug|Any CPU.ActiveCfg = Debug|Any CPU
		{48F4582B-7687-4621-9CBE-5C24197CB536}.Debug|Any CPU.Build.0 = Debug|Any CPU
		{48F4582B-7687-4621-9CBE-5C24197CB536}.Release|Any CPU.ActiveCfg = Release|Any CPU
		{48F4582B-7687-4621-9CBE-5C24197CB536}.Release|Any CPU.Build.0 = Release|Any CPU
		{54377672-20B1-40AF-8087-5CF73BF3953A}.Debug|Any CPU.ActiveCfg = Debug|Any CPU
		{54377672-20B1-40AF-8087-5CF73BF3953A}.Debug|Any CPU.Build.0 = Debug|Any CPU
		{54377672-20B1-40AF-8087-5CF73BF3953A}.Release|Any CPU.ActiveCfg = Release|Any CPU
		{54377672-20B1-40AF-8087-5CF73BF3953A}.Release|Any CPU.Build.0 = Release|Any CPU
		{419659FD-72EA-4678-9EB8-B22A746CED70}.Debug|Any CPU.ActiveCfg = Debug|Any CPU
		{419659FD-72EA-4678-9EB8-B22A746CED70}.Debug|Any CPU.Build.0 = Debug|Any CPU
		{419659FD-72EA-4678-9EB8-B22A746CED70}.Release|Any CPU.ActiveCfg = Release|Any CPU
		{419659FD-72EA-4678-9EB8-B22A746CED70}.Release|Any CPU.Build.0 = Release|Any CPU
		{3AD63355-D6B1-4365-8D31-5652C989BEF1}.Debug|Any CPU.ActiveCfg = Debug|Any CPU
		{3AD63355-D6B1-4365-8D31-5652C989BEF1}.Debug|Any CPU.Build.0 = Debug|Any CPU
		{3AD63355-D6B1-4365-8D31-5652C989BEF1}.Release|Any CPU.ActiveCfg = Release|Any CPU
		{3AD63355-D6B1-4365-8D31-5652C989BEF1}.Release|Any CPU.Build.0 = Release|Any CPU
		{7E9E9C34-B204-406B-82E2-E01E900699CD}.Debug|Any CPU.ActiveCfg = Debug|Any CPU
		{7E9E9C34-B204-406B-82E2-E01E900699CD}.Debug|Any CPU.Build.0 = Debug|Any CPU
		{7E9E9C34-B204-406B-82E2-E01E900699CD}.Release|Any CPU.ActiveCfg = Release|Any CPU
		{7E9E9C34-B204-406B-82E2-E01E900699CD}.Release|Any CPU.Build.0 = Release|Any CPU
		{B698561F-FB28-46B1-857E-3CA7B92F9D70}.Debug|Any CPU.ActiveCfg = Debug|Any CPU
		{B698561F-FB28-46B1-857E-3CA7B92F9D70}.Debug|Any CPU.Build.0 = Debug|Any CPU
		{B698561F-FB28-46B1-857E-3CA7B92F9D70}.Release|Any CPU.ActiveCfg = Release|Any CPU
		{B698561F-FB28-46B1-857E-3CA7B92F9D70}.Release|Any CPU.Build.0 = Release|Any CPU
		{6A2D5D58-0261-4A75-BE84-2BE8B076B7C2}.Debug|Any CPU.ActiveCfg = Debug|Any CPU
		{6A2D5D58-0261-4A75-BE84-2BE8B076B7C2}.Debug|Any CPU.Build.0 = Debug|Any CPU
		{6A2D5D58-0261-4A75-BE84-2BE8B076B7C2}.Release|Any CPU.ActiveCfg = Release|Any CPU
		{6A2D5D58-0261-4A75-BE84-2BE8B076B7C2}.Release|Any CPU.Build.0 = Release|Any CPU
		{C76BF5B3-985E-4D39-95FE-97C9C879B83A}.Debug|Any CPU.ActiveCfg = Debug|Any CPU
		{C76BF5B3-985E-4D39-95FE-97C9C879B83A}.Debug|Any CPU.Build.0 = Debug|Any CPU
		{C76BF5B3-985E-4D39-95FE-97C9C879B83A}.Release|Any CPU.ActiveCfg = Release|Any CPU
		{C76BF5B3-985E-4D39-95FE-97C9C879B83A}.Release|Any CPU.Build.0 = Release|Any CPU
		{80600185-4EE0-4585-AC64-119F261D837C}.Debug|Any CPU.ActiveCfg = Debug|Any CPU
		{80600185-4EE0-4585-AC64-119F261D837C}.Debug|Any CPU.Build.0 = Debug|Any CPU
		{80600185-4EE0-4585-AC64-119F261D837C}.Release|Any CPU.ActiveCfg = Release|Any CPU
		{80600185-4EE0-4585-AC64-119F261D837C}.Release|Any CPU.Build.0 = Release|Any CPU
		{79803407-6F50-484F-93F5-641911EABD8A}.Debug|Any CPU.ActiveCfg = Debug|Any CPU
		{79803407-6F50-484F-93F5-641911EABD8A}.Debug|Any CPU.Build.0 = Debug|Any CPU
		{79803407-6F50-484F-93F5-641911EABD8A}.Release|Any CPU.ActiveCfg = Release|Any CPU
		{79803407-6F50-484F-93F5-641911EABD8A}.Release|Any CPU.Build.0 = Release|Any CPU
		{70B2AB0E-A196-4C07-892B-061EC1CD73C2}.Debug|Any CPU.ActiveCfg = Debug|Any CPU
		{70B2AB0E-A196-4C07-892B-061EC1CD73C2}.Debug|Any CPU.Build.0 = Debug|Any CPU
		{70B2AB0E-A196-4C07-892B-061EC1CD73C2}.Release|Any CPU.ActiveCfg = Release|Any CPU
		{70B2AB0E-A196-4C07-892B-061EC1CD73C2}.Release|Any CPU.Build.0 = Release|Any CPU
		{BC0538D9-FEE9-451E-8026-C4872D2111C3}.Debug|Any CPU.ActiveCfg = Debug|Any CPU
		{BC0538D9-FEE9-451E-8026-C4872D2111C3}.Debug|Any CPU.Build.0 = Debug|Any CPU
		{BC0538D9-FEE9-451E-8026-C4872D2111C3}.Release|Any CPU.ActiveCfg = Release|Any CPU
		{BC0538D9-FEE9-451E-8026-C4872D2111C3}.Release|Any CPU.Build.0 = Release|Any CPU
		{106553E8-E32D-44AB-B17A-C79E0B950BF2}.Debug|Any CPU.ActiveCfg = Debug|Any CPU
		{106553E8-E32D-44AB-B17A-C79E0B950BF2}.Debug|Any CPU.Build.0 = Debug|Any CPU
		{106553E8-E32D-44AB-B17A-C79E0B950BF2}.Release|Any CPU.ActiveCfg = Release|Any CPU
		{106553E8-E32D-44AB-B17A-C79E0B950BF2}.Release|Any CPU.Build.0 = Release|Any CPU
		{F7408D31-24C8-4AEA-BE51-48F78FD14263}.Debug|Any CPU.ActiveCfg = Debug|Any CPU
		{F7408D31-24C8-4AEA-BE51-48F78FD14263}.Debug|Any CPU.Build.0 = Debug|Any CPU
		{F7408D31-24C8-4AEA-BE51-48F78FD14263}.Release|Any CPU.ActiveCfg = Release|Any CPU
		{F7408D31-24C8-4AEA-BE51-48F78FD14263}.Release|Any CPU.Build.0 = Release|Any CPU
		{90F4414E-3A76-4C43-940A-C50D25B2F995}.Debug|Any CPU.ActiveCfg = Debug|Any CPU
		{90F4414E-3A76-4C43-940A-C50D25B2F995}.Debug|Any CPU.Build.0 = Debug|Any CPU
		{90F4414E-3A76-4C43-940A-C50D25B2F995}.Release|Any CPU.ActiveCfg = Release|Any CPU
		{90F4414E-3A76-4C43-940A-C50D25B2F995}.Release|Any CPU.Build.0 = Release|Any CPU
		{D6832AA4-0BE7-4AC1-98CF-36558F6EAE86}.Debug|Any CPU.ActiveCfg = Debug|Any CPU
		{D6832AA4-0BE7-4AC1-98CF-36558F6EAE86}.Debug|Any CPU.Build.0 = Debug|Any CPU
		{D6832AA4-0BE7-4AC1-98CF-36558F6EAE86}.Release|Any CPU.ActiveCfg = Release|Any CPU
		{D6832AA4-0BE7-4AC1-98CF-36558F6EAE86}.Release|Any CPU.Build.0 = Release|Any CPU
		{4933D250-3EFF-411F-A360-373C242634B2}.Debug|Any CPU.ActiveCfg = Debug|Any CPU
		{4933D250-3EFF-411F-A360-373C242634B2}.Debug|Any CPU.Build.0 = Debug|Any CPU
		{4933D250-3EFF-411F-A360-373C242634B2}.Release|Any CPU.ActiveCfg = Release|Any CPU
		{4933D250-3EFF-411F-A360-373C242634B2}.Release|Any CPU.Build.0 = Release|Any CPU
		{5908A72E-465D-4C4B-ACC2-E7132DAB6E4A}.Debug|Any CPU.ActiveCfg = Debug|Any CPU
		{5908A72E-465D-4C4B-ACC2-E7132DAB6E4A}.Debug|Any CPU.Build.0 = Debug|Any CPU
		{5908A72E-465D-4C4B-ACC2-E7132DAB6E4A}.Release|Any CPU.ActiveCfg = Release|Any CPU
		{5908A72E-465D-4C4B-ACC2-E7132DAB6E4A}.Release|Any CPU.Build.0 = Release|Any CPU
		{1879C784-E9EB-4D22-AFCF-AE476D4324D5}.Debug|Any CPU.ActiveCfg = Debug|Any CPU
		{1879C784-E9EB-4D22-AFCF-AE476D4324D5}.Debug|Any CPU.Build.0 = Debug|Any CPU
		{1879C784-E9EB-4D22-AFCF-AE476D4324D5}.Release|Any CPU.ActiveCfg = Release|Any CPU
		{1879C784-E9EB-4D22-AFCF-AE476D4324D5}.Release|Any CPU.Build.0 = Release|Any CPU
		{21A6182C-58BC-417D-BA7F-F7E2CD2F21BA}.Debug|Any CPU.ActiveCfg = Debug|Any CPU
		{21A6182C-58BC-417D-BA7F-F7E2CD2F21BA}.Debug|Any CPU.Build.0 = Debug|Any CPU
		{21A6182C-58BC-417D-BA7F-F7E2CD2F21BA}.Release|Any CPU.ActiveCfg = Release|Any CPU
		{21A6182C-58BC-417D-BA7F-F7E2CD2F21BA}.Release|Any CPU.Build.0 = Release|Any CPU
		{9A307287-65B5-46AC-86B4-EA69C7FA2FFA}.Debug|Any CPU.ActiveCfg = Debug|Any CPU
		{9A307287-65B5-46AC-86B4-EA69C7FA2FFA}.Debug|Any CPU.Build.0 = Debug|Any CPU
		{9A307287-65B5-46AC-86B4-EA69C7FA2FFA}.Release|Any CPU.ActiveCfg = Release|Any CPU
		{9A307287-65B5-46AC-86B4-EA69C7FA2FFA}.Release|Any CPU.Build.0 = Release|Any CPU
		{ED7FA787-4E9C-4A02-AA6C-EE1D4FB39814}.Debug|Any CPU.ActiveCfg = Debug|Any CPU
		{ED7FA787-4E9C-4A02-AA6C-EE1D4FB39814}.Debug|Any CPU.Build.0 = Debug|Any CPU
		{ED7FA787-4E9C-4A02-AA6C-EE1D4FB39814}.Release|Any CPU.ActiveCfg = Release|Any CPU
		{ED7FA787-4E9C-4A02-AA6C-EE1D4FB39814}.Release|Any CPU.Build.0 = Release|Any CPU
	EndGlobalSection
	GlobalSection(SolutionProperties) = preSolution
		HideSolutionNode = FALSE
	EndGlobalSection
	GlobalSection(NestedProjects) = preSolution
		{C92A607B-1FDD-4954-9F92-03FF547D9080} = {5581B540-69E1-47AB-B12C-8CDC33FF038D}
		{58F6C80C-1253-4A0E-A465-B8C85EBEADF3} = {5581B540-69E1-47AB-B12C-8CDC33FF038D}
		{F167E17A-7DE6-4AF5-B920-A5112296C695} = {5581B540-69E1-47AB-B12C-8CDC33FF038D}
		{48F4582B-7687-4621-9CBE-5C24197CB536} = {5581B540-69E1-47AB-B12C-8CDC33FF038D}
		{3AD63355-D6B1-4365-8D31-5652C989BEF1} = {647429BB-8759-451E-BA96-300F41554B2C}
		{7E9E9C34-B204-406B-82E2-E01E900699CD} = {647429BB-8759-451E-BA96-300F41554B2C}
		{B698561F-FB28-46B1-857E-3CA7B92F9D70} = {647429BB-8759-451E-BA96-300F41554B2C}
		{6A2D5D58-0261-4A75-BE84-2BE8B076B7C2} = {647429BB-8759-451E-BA96-300F41554B2C}
		{C76BF5B3-985E-4D39-95FE-97C9C879B83A} = {062A4E9D-E5BC-4232-94F1-0161692203B6}
		{80600185-4EE0-4585-AC64-119F261D837C} = {062A4E9D-E5BC-4232-94F1-0161692203B6}
		{79803407-6F50-484F-93F5-641911EABD8A} = {062A4E9D-E5BC-4232-94F1-0161692203B6}
		{062A4E9D-E5BC-4232-94F1-0161692203B6} = {C3F7E057-DE37-418D-8504-A518838731D2}
		{70B2AB0E-A196-4C07-892B-061EC1CD73C2} = {C3F7E057-DE37-418D-8504-A518838731D2}
		{BC0538D9-FEE9-451E-8026-C4872D2111C3} = {C3F7E057-DE37-418D-8504-A518838731D2}
		{106553E8-E32D-44AB-B17A-C79E0B950BF2} = {C3F7E057-DE37-418D-8504-A518838731D2}
		{F7408D31-24C8-4AEA-BE51-48F78FD14263} = {5581B540-69E1-47AB-B12C-8CDC33FF038D}
		{90F4414E-3A76-4C43-940A-C50D25B2F995} = {5581B540-69E1-47AB-B12C-8CDC33FF038D}
		{D6832AA4-0BE7-4AC1-98CF-36558F6EAE86} = {8F8B94C1-05A4-4363-82EA-70F45EA25734}
		{4933D250-3EFF-411F-A360-373C242634B2} = {8F8B94C1-05A4-4363-82EA-70F45EA25734}
		{5908A72E-465D-4C4B-ACC2-E7132DAB6E4A} = {8F8B94C1-05A4-4363-82EA-70F45EA25734}
		{1879C784-E9EB-4D22-AFCF-AE476D4324D5} = {8F8B94C1-05A4-4363-82EA-70F45EA25734}
		{21A6182C-58BC-417D-BA7F-F7E2CD2F21BA} = {8F8B94C1-05A4-4363-82EA-70F45EA25734}
		{647429BB-8759-451E-BA96-300F41554B2C} = {5581B540-69E1-47AB-B12C-8CDC33FF038D}
		{9A307287-65B5-46AC-86B4-EA69C7FA2FFA} = {5581B540-69E1-47AB-B12C-8CDC33FF038D}
		{ED7FA787-4E9C-4A02-AA6C-EE1D4FB39814} = {5581B540-69E1-47AB-B12C-8CDC33FF038D}
	EndGlobalSection
	GlobalSection(ExtensibilityGlobals) = postSolution
		SolutionGuid = {671B0BEC-2403-45B0-9357-2C97CC517668}
	EndGlobalSection
	GlobalSection(MonoDevelopProperties) = preSolution
		Policies = $0
		$0.TextStylePolicy = $1
		$1.EolMarker = Windows
		$1.inheritsSet = VisualStudio
		$1.inheritsScope = text/plain
		$1.scope = text/x-csharp
		$0.CSharpFormattingPolicy = $2
		$2.IndentSwitchSection = True
		$2.NewLinesForBracesInProperties = True
		$2.NewLinesForBracesInAccessors = True
		$2.NewLinesForBracesInAnonymousMethods = True
		$2.NewLinesForBracesInControlBlocks = True
		$2.NewLinesForBracesInAnonymousTypes = True
		$2.NewLinesForBracesInObjectCollectionArrayInitializers = True
		$2.NewLinesForBracesInLambdaExpressionBody = True
		$2.NewLineForElse = True
		$2.NewLineForCatch = True
		$2.NewLineForFinally = True
		$2.NewLineForMembersInObjectInit = True
		$2.NewLineForMembersInAnonymousTypes = True
		$2.NewLineForClausesInQuery = True
		$2.SpacingAfterMethodDeclarationName = False
		$2.SpaceAfterMethodCallName = False
		$2.SpaceBeforeOpenSquareBracket = False
		$2.inheritsSet = Mono
		$2.inheritsScope = text/x-csharp
		$2.scope = text/x-csharp
	EndGlobalSection
EndGlobal
