
Microsoft Visual Studio Solution File, Format Version 12.00
# Visual Studio 14
VisualStudioVersion = 14.0.25420.1
MinimumVisualStudioVersion = 10.0.40219.1
Project("{FAE04EC0-301F-11D3-BF4B-00C04F79EFBC}") = "osu.Desktop", "osu.Desktop\osu.Desktop.csproj", "{2A66DD92-ADB1-4994-89E2-C94E04ACDA0D}"
EndProject
Project("{2150E333-8FDC-42A3-9474-1A3956D46DE8}") = "Client", "Client", "{0D37A2AD-80A4-464F-A1DE-1560B70F1CE3}"
EndProject
Project("{FAE04EC0-301F-11D3-BF4B-00C04F79EFBC}") = "osu.Framework", "osu-framework\osu.Framework\osu.Framework.csproj", "{C76BF5B3-985E-4D39-95FE-97C9C879B83A}"
EndProject
Project("{FAE04EC0-301F-11D3-BF4B-00C04F79EFBC}") = "osu.Game", "osu.Game\osu.Game.csproj", "{0D3FBF8A-7464-4CF7-8C90-3E7886DF2D4D}"
EndProject
Project("{FAE04EC0-301F-11D3-BF4B-00C04F79EFBC}") = "osu.Game.Resources", "osu-resources\osu.Game.Resources\osu.Game.Resources.csproj", "{D9A367C9-4C1A-489F-9B05-A0CEA2B53B58}"
EndProject
Project("{2150E333-8FDC-42A3-9474-1A3956D46DE8}") = "Framework", "Framework", "{7A75DFA2-DE65-4458-98AF-26AF96FFD6DC}"
EndProject
Project("{FAE04EC0-301F-11D3-BF4B-00C04F79EFBC}") = "osu.Framework.Desktop", "osu-framework\osu.Framework.Desktop\osu.Framework.Desktop.csproj", "{65DC628F-A640-4111-AB35-3A5652BC1E17}"
EndProject
Global
	GlobalSection(SolutionConfigurationPlatforms) = preSolution
		Debug|Any CPU = Debug|Any CPU
		Deploy|Any CPU = Deploy|Any CPU
		Release|Any CPU = Release|Any CPU
	EndGlobalSection
	GlobalSection(ProjectConfigurationPlatforms) = postSolution
		{2A66DD92-ADB1-4994-89E2-C94E04ACDA0D}.Debug|Any CPU.ActiveCfg = Debug|Any CPU
		{2A66DD92-ADB1-4994-89E2-C94E04ACDA0D}.Debug|Any CPU.Build.0 = Debug|Any CPU
		{2A66DD92-ADB1-4994-89E2-C94E04ACDA0D}.Deploy|Any CPU.ActiveCfg = Deploy|Any CPU
		{2A66DD92-ADB1-4994-89E2-C94E04ACDA0D}.Deploy|Any CPU.Build.0 = Deploy|Any CPU
		{2A66DD92-ADB1-4994-89E2-C94E04ACDA0D}.Release|Any CPU.ActiveCfg = Release|Any CPU
		{2A66DD92-ADB1-4994-89E2-C94E04ACDA0D}.Release|Any CPU.Build.0 = Release|Any CPU
		{C76BF5B3-985E-4D39-95FE-97C9C879B83A}.Debug|Any CPU.ActiveCfg = Debug|Any CPU
		{C76BF5B3-985E-4D39-95FE-97C9C879B83A}.Debug|Any CPU.Build.0 = Debug|Any CPU
		{C76BF5B3-985E-4D39-95FE-97C9C879B83A}.Deploy|Any CPU.ActiveCfg = Debug|Any CPU
		{C76BF5B3-985E-4D39-95FE-97C9C879B83A}.Deploy|Any CPU.Build.0 = Debug|Any CPU
		{C76BF5B3-985E-4D39-95FE-97C9C879B83A}.Release|Any CPU.ActiveCfg = Release|Any CPU
		{C76BF5B3-985E-4D39-95FE-97C9C879B83A}.Release|Any CPU.Build.0 = Release|Any CPU
		{0D3FBF8A-7464-4CF7-8C90-3E7886DF2D4D}.Debug|Any CPU.ActiveCfg = Debug|Any CPU
		{0D3FBF8A-7464-4CF7-8C90-3E7886DF2D4D}.Debug|Any CPU.Build.0 = Debug|Any CPU
		{0D3FBF8A-7464-4CF7-8C90-3E7886DF2D4D}.Deploy|Any CPU.ActiveCfg = Debug|Any CPU
		{0D3FBF8A-7464-4CF7-8C90-3E7886DF2D4D}.Deploy|Any CPU.Build.0 = Debug|Any CPU
		{0D3FBF8A-7464-4CF7-8C90-3E7886DF2D4D}.Release|Any CPU.ActiveCfg = Release|Any CPU
		{0D3FBF8A-7464-4CF7-8C90-3E7886DF2D4D}.Release|Any CPU.Build.0 = Release|Any CPU
		{D9A367C9-4C1A-489F-9B05-A0CEA2B53B58}.Debug|Any CPU.ActiveCfg = Debug|Any CPU
		{D9A367C9-4C1A-489F-9B05-A0CEA2B53B58}.Debug|Any CPU.Build.0 = Debug|Any CPU
		{D9A367C9-4C1A-489F-9B05-A0CEA2B53B58}.Deploy|Any CPU.ActiveCfg = Debug|Any CPU
		{D9A367C9-4C1A-489F-9B05-A0CEA2B53B58}.Deploy|Any CPU.Build.0 = Debug|Any CPU
		{D9A367C9-4C1A-489F-9B05-A0CEA2B53B58}.Release|Any CPU.ActiveCfg = Release|Any CPU
		{D9A367C9-4C1A-489F-9B05-A0CEA2B53B58}.Release|Any CPU.Build.0 = Release|Any CPU
		{65DC628F-A640-4111-AB35-3A5652BC1E17}.Debug|Any CPU.ActiveCfg = Debug|Any CPU
		{65DC628F-A640-4111-AB35-3A5652BC1E17}.Debug|Any CPU.Build.0 = Debug|Any CPU
		{65DC628F-A640-4111-AB35-3A5652BC1E17}.Deploy|Any CPU.ActiveCfg = Debug|Any CPU
		{65DC628F-A640-4111-AB35-3A5652BC1E17}.Deploy|Any CPU.Build.0 = Debug|Any CPU
		{65DC628F-A640-4111-AB35-3A5652BC1E17}.Release|Any CPU.ActiveCfg = Release|Any CPU
		{65DC628F-A640-4111-AB35-3A5652BC1E17}.Release|Any CPU.Build.0 = Release|Any CPU
	EndGlobalSection
	GlobalSection(SolutionProperties) = preSolution
		HideSolutionNode = FALSE
	EndGlobalSection
	GlobalSection(NestedProjects) = preSolution
		{2A66DD92-ADB1-4994-89E2-C94E04ACDA0D} = {0D37A2AD-80A4-464F-A1DE-1560B70F1CE3}
		{C76BF5B3-985E-4D39-95FE-97C9C879B83A} = {7A75DFA2-DE65-4458-98AF-26AF96FFD6DC}
		{0D3FBF8A-7464-4CF7-8C90-3E7886DF2D4D} = {0D37A2AD-80A4-464F-A1DE-1560B70F1CE3}
		{D9A367C9-4C1A-489F-9B05-A0CEA2B53B58} = {0D37A2AD-80A4-464F-A1DE-1560B70F1CE3}
		{65DC628F-A640-4111-AB35-3A5652BC1E17} = {7A75DFA2-DE65-4458-98AF-26AF96FFD6DC}
	EndGlobalSection
EndGlobal
