
Microsoft Visual Studio Solution File, Format Version 12.00
# Visual Studio Version 16
VisualStudioVersion = 16.0.28516.95
MinimumVisualStudioVersion = 10.0.40219.1
Project("{9A19103F-16F7-4668-BE54-9A1E7A4F7556}") = "osu.Game", "osu.Game\osu.Game.csproj", "{2A66DD92-ADB1-4994-89E2-C94E04ACDA0D}"
EndProject
Project("{9A19103F-16F7-4668-BE54-9A1E7A4F7556}") = "osu.Game.Rulesets.Osu", "osu.Game.Rulesets.Osu\osu.Game.Rulesets.Osu.csproj", "{C92A607B-1FDD-4954-9F92-03FF547D9080}"
EndProject
Project("{9A19103F-16F7-4668-BE54-9A1E7A4F7556}") = "osu.Game.Rulesets.Catch", "osu.Game.Rulesets.Catch\osu.Game.Rulesets.Catch.csproj", "{58F6C80C-1253-4A0E-A465-B8C85EBEADF3}"
EndProject
Project("{9A19103F-16F7-4668-BE54-9A1E7A4F7556}") = "osu.Game.Rulesets.Taiko", "osu.Game.Rulesets.Taiko\osu.Game.Rulesets.Taiko.csproj", "{F167E17A-7DE6-4AF5-B920-A5112296C695}"
EndProject
Project("{9A19103F-16F7-4668-BE54-9A1E7A4F7556}") = "osu.Game.Rulesets.Mania", "osu.Game.Rulesets.Mania\osu.Game.Rulesets.Mania.csproj", "{48F4582B-7687-4621-9CBE-5C24197CB536}"
EndProject
Project("{FAE04EC0-301F-11D3-BF4B-00C04F79EFBC}") = "osu.Android", "osu.Android\osu.Android.csproj", "{D1D5F9A8-B40B-40E6-B02F-482D03346D3D}"
EndProject
Project("{FAE04EC0-301F-11D3-BF4B-00C04F79EFBC}") = "osu.Game.Rulesets.Catch.Tests.Android", "osu.Game.Rulesets.Catch.Tests.Android\osu.Game.Rulesets.Catch.Tests.Android.csproj", "{C5379ECB-3A94-4D2F-AC3B-2615AC23EB0D}"
EndProject
Project("{FAE04EC0-301F-11D3-BF4B-00C04F79EFBC}") = "osu.Game.Rulesets.Mania.Tests.Android", "osu.Game.Rulesets.Mania.Tests.Android\osu.Game.Rulesets.Mania.Tests.Android.csproj", "{531F1092-DB27-445D-AA33-2A77C7187C99}"
EndProject
Project("{FAE04EC0-301F-11D3-BF4B-00C04F79EFBC}") = "osu.Game.Rulesets.Osu.Tests.Android", "osu.Game.Rulesets.Osu.Tests.Android\osu.Game.Rulesets.Osu.Tests.Android.csproj", "{90CAB706-39CB-4B93-9629-3218A6FF8E9B}"
EndProject
Project("{FAE04EC0-301F-11D3-BF4B-00C04F79EFBC}") = "osu.Game.Rulesets.Taiko.Tests.Android", "osu.Game.Rulesets.Taiko.Tests.Android\osu.Game.Rulesets.Taiko.Tests.Android.csproj", "{3701A0A1-8476-42C6-B5C4-D24129B4A484}"
EndProject
Project("{FAE04EC0-301F-11D3-BF4B-00C04F79EFBC}") = "osu.Game.Tests.Android", "osu.Game.Tests.Android\osu.Game.Tests.Android.csproj", "{5CC222DC-5716-4499-B897-DCBDDA4A5CF9}"
EndProject
Global
	GlobalSection(SolutionConfigurationPlatforms) = preSolution
		Debug|Any CPU = Debug|Any CPU
		Release|Any CPU = Release|Any CPU
	EndGlobalSection
	GlobalSection(ProjectConfigurationPlatforms) = postSolution
		{2A66DD92-ADB1-4994-89E2-C94E04ACDA0D}.Debug|Any CPU.ActiveCfg = Debug|Any CPU
		{2A66DD92-ADB1-4994-89E2-C94E04ACDA0D}.Debug|Any CPU.Build.0 = Debug|Any CPU
		{2A66DD92-ADB1-4994-89E2-C94E04ACDA0D}.Release|Any CPU.ActiveCfg = Release|Any CPU
		{2A66DD92-ADB1-4994-89E2-C94E04ACDA0D}.Release|Any CPU.Build.0 = Release|Any CPU
		{C92A607B-1FDD-4954-9F92-03FF547D9080}.Debug|Any CPU.ActiveCfg = Debug|Any CPU
		{C92A607B-1FDD-4954-9F92-03FF547D9080}.Debug|Any CPU.Build.0 = Debug|Any CPU
		{C92A607B-1FDD-4954-9F92-03FF547D9080}.Release|Any CPU.ActiveCfg = Release|Any CPU
		{C92A607B-1FDD-4954-9F92-03FF547D9080}.Release|Any CPU.Build.0 = Release|Any CPU
		{58F6C80C-1253-4A0E-A465-B8C85EBEADF3}.Debug|Any CPU.ActiveCfg = Debug|Any CPU
		{58F6C80C-1253-4A0E-A465-B8C85EBEADF3}.Debug|Any CPU.Build.0 = Debug|Any CPU
		{58F6C80C-1253-4A0E-A465-B8C85EBEADF3}.Release|Any CPU.ActiveCfg = Release|Any CPU
		{58F6C80C-1253-4A0E-A465-B8C85EBEADF3}.Release|Any CPU.Build.0 = Release|Any CPU
		{F167E17A-7DE6-4AF5-B920-A5112296C695}.Debug|Any CPU.ActiveCfg = Debug|Any CPU
		{F167E17A-7DE6-4AF5-B920-A5112296C695}.Debug|Any CPU.Build.0 = Debug|Any CPU
		{F167E17A-7DE6-4AF5-B920-A5112296C695}.Release|Any CPU.ActiveCfg = Release|Any CPU
		{F167E17A-7DE6-4AF5-B920-A5112296C695}.Release|Any CPU.Build.0 = Release|Any CPU
		{48F4582B-7687-4621-9CBE-5C24197CB536}.Debug|Any CPU.ActiveCfg = Debug|Any CPU
		{48F4582B-7687-4621-9CBE-5C24197CB536}.Debug|Any CPU.Build.0 = Debug|Any CPU
		{48F4582B-7687-4621-9CBE-5C24197CB536}.Release|Any CPU.ActiveCfg = Release|Any CPU
		{48F4582B-7687-4621-9CBE-5C24197CB536}.Release|Any CPU.Build.0 = Release|Any CPU
		{D1D5F9A8-B40B-40E6-B02F-482D03346D3D}.Debug|Any CPU.ActiveCfg = Debug|Any CPU
		{D1D5F9A8-B40B-40E6-B02F-482D03346D3D}.Debug|Any CPU.Build.0 = Debug|Any CPU
		{D1D5F9A8-B40B-40E6-B02F-482D03346D3D}.Debug|Any CPU.Deploy.0 = Debug|Any CPU
		{D1D5F9A8-B40B-40E6-B02F-482D03346D3D}.Release|Any CPU.ActiveCfg = Release|Any CPU
		{D1D5F9A8-B40B-40E6-B02F-482D03346D3D}.Release|Any CPU.Build.0 = Release|Any CPU
		{D1D5F9A8-B40B-40E6-B02F-482D03346D3D}.Release|Any CPU.Deploy.0 = Release|Any CPU
		{C5379ECB-3A94-4D2F-AC3B-2615AC23EB0D}.Debug|Any CPU.ActiveCfg = Debug|Any CPU
		{C5379ECB-3A94-4D2F-AC3B-2615AC23EB0D}.Debug|Any CPU.Build.0 = Debug|Any CPU
		{C5379ECB-3A94-4D2F-AC3B-2615AC23EB0D}.Debug|Any CPU.Deploy.0 = Debug|Any CPU
		{C5379ECB-3A94-4D2F-AC3B-2615AC23EB0D}.Release|Any CPU.ActiveCfg = Release|Any CPU
		{C5379ECB-3A94-4D2F-AC3B-2615AC23EB0D}.Release|Any CPU.Build.0 = Release|Any CPU
		{C5379ECB-3A94-4D2F-AC3B-2615AC23EB0D}.Release|Any CPU.Deploy.0 = Release|Any CPU
		{531F1092-DB27-445D-AA33-2A77C7187C99}.Debug|Any CPU.ActiveCfg = Debug|Any CPU
		{531F1092-DB27-445D-AA33-2A77C7187C99}.Debug|Any CPU.Build.0 = Debug|Any CPU
		{531F1092-DB27-445D-AA33-2A77C7187C99}.Debug|Any CPU.Deploy.0 = Debug|Any CPU
		{531F1092-DB27-445D-AA33-2A77C7187C99}.Release|Any CPU.ActiveCfg = Release|Any CPU
		{531F1092-DB27-445D-AA33-2A77C7187C99}.Release|Any CPU.Build.0 = Release|Any CPU
		{531F1092-DB27-445D-AA33-2A77C7187C99}.Release|Any CPU.Deploy.0 = Release|Any CPU
		{90CAB706-39CB-4B93-9629-3218A6FF8E9B}.Debug|Any CPU.ActiveCfg = Debug|Any CPU
		{90CAB706-39CB-4B93-9629-3218A6FF8E9B}.Debug|Any CPU.Build.0 = Debug|Any CPU
		{90CAB706-39CB-4B93-9629-3218A6FF8E9B}.Debug|Any CPU.Deploy.0 = Debug|Any CPU
		{90CAB706-39CB-4B93-9629-3218A6FF8E9B}.Release|Any CPU.ActiveCfg = Release|Any CPU
		{90CAB706-39CB-4B93-9629-3218A6FF8E9B}.Release|Any CPU.Build.0 = Release|Any CPU
		{90CAB706-39CB-4B93-9629-3218A6FF8E9B}.Release|Any CPU.Deploy.0 = Release|Any CPU
		{3701A0A1-8476-42C6-B5C4-D24129B4A484}.Debug|Any CPU.ActiveCfg = Debug|Any CPU
		{3701A0A1-8476-42C6-B5C4-D24129B4A484}.Debug|Any CPU.Build.0 = Debug|Any CPU
		{3701A0A1-8476-42C6-B5C4-D24129B4A484}.Debug|Any CPU.Deploy.0 = Debug|Any CPU
		{3701A0A1-8476-42C6-B5C4-D24129B4A484}.Release|Any CPU.ActiveCfg = Release|Any CPU
		{3701A0A1-8476-42C6-B5C4-D24129B4A484}.Release|Any CPU.Build.0 = Release|Any CPU
		{3701A0A1-8476-42C6-B5C4-D24129B4A484}.Release|Any CPU.Deploy.0 = Release|Any CPU
		{5CC222DC-5716-4499-B897-DCBDDA4A5CF9}.Debug|Any CPU.ActiveCfg = Debug|Any CPU
		{5CC222DC-5716-4499-B897-DCBDDA4A5CF9}.Debug|Any CPU.Build.0 = Debug|Any CPU
		{5CC222DC-5716-4499-B897-DCBDDA4A5CF9}.Debug|Any CPU.Deploy.0 = Debug|Any CPU
		{5CC222DC-5716-4499-B897-DCBDDA4A5CF9}.Release|Any CPU.ActiveCfg = Release|Any CPU
		{5CC222DC-5716-4499-B897-DCBDDA4A5CF9}.Release|Any CPU.Build.0 = Release|Any CPU
		{5CC222DC-5716-4499-B897-DCBDDA4A5CF9}.Release|Any CPU.Deploy.0 = Release|Any CPU
	EndGlobalSection
	GlobalSection(SolutionProperties) = preSolution
		HideSolutionNode = FALSE
	EndGlobalSection
	GlobalSection(ExtensibilityGlobals) = postSolution
		SolutionGuid = {671B0BEC-2403-45B0-9357-2C97CC517668}
	EndGlobalSection
	GlobalSection(MonoDevelopProperties) = preSolution
		Policies = $0
		$0.TextStylePolicy = $1
		$1.EolMarker = Windows
		$1.inheritsSet = VisualStudio
		$1.inheritsScope = text/plain
		$1.scope = text/x-csharp
		$0.CSharpFormattingPolicy = $2
		$2.IndentSwitchSection = True
		$2.NewLinesForBracesInProperties = True
		$2.NewLinesForBracesInAccessors = True
		$2.NewLinesForBracesInAnonymousMethods = True
		$2.NewLinesForBracesInControlBlocks = True
		$2.NewLinesForBracesInAnonymousTypes = True
		$2.NewLinesForBracesInObjectCollectionArrayInitializers = True
		$2.NewLinesForBracesInLambdaExpressionBody = True
		$2.NewLineForElse = True
		$2.NewLineForCatch = True
		$2.NewLineForFinally = True
		$2.NewLineForMembersInObjectInit = True
		$2.NewLineForMembersInAnonymousTypes = True
		$2.NewLineForClausesInQuery = True
		$2.SpacingAfterMethodDeclarationName = False
		$2.SpaceAfterMethodCallName = False
		$2.SpaceBeforeOpenSquareBracket = False
		$2.inheritsSet = Mono
		$2.inheritsScope = text/x-csharp
		$2.scope = text/x-csharp
	EndGlobalSection
EndGlobal
