
Microsoft Visual Studio Solution File, Format Version 12.00
# Visual Studio Version 16
VisualStudioVersion = 16.0.29123.88
MinimumVisualStudioVersion = 10.0.40219.1
Project("{9A19103F-16F7-4668-BE54-9A1E7A4F7556}") = "osu.Game.Rulesets.EmptyFreeform", "osu.Game.Rulesets.EmptyFreeform\osu.Game.Rulesets.EmptyFreeform.csproj", "{5AE1F0F1-DAFA-46E7-959C-DA233B7C87E9}"
EndProject
Project("{FAE04EC0-301F-11D3-BF4B-00C04F79EFBC}") = "osu.Game.Rulesets.EmptyFreeform.Tests", "osu.Game.Rulesets.EmptyFreeform.Tests\osu.Game.Rulesets.EmptyFreeform.Tests.csproj", "{B4577C85-CB83-462A-BCE3-22FFEB16311D}"
EndProject
Global
	GlobalSection(SolutionConfigurationPlatforms) = preSolution
		Debug|Any CPU = Debug|Any CPU
		Release|Any CPU = Release|Any CPU
		VisualTests|Any CPU = VisualTests|Any CPU
	EndGlobalSection
	GlobalSection(ProjectConfigurationPlatforms) = postSolution
		{5AE1F0F1-DAFA-46E7-959C-DA233B7C87E9}.Debug|Any CPU.ActiveCfg = Debug|Any CPU
		{5AE1F0F1-DAFA-46E7-959C-DA233B7C87E9}.Debug|Any CPU.Build.0 = Debug|Any CPU
		{5AE1F0F1-DAFA-46E7-959C-DA233B7C87E9}.Release|Any CPU.ActiveCfg = Release|Any CPU
		{5AE1F0F1-DAFA-46E7-959C-DA233B7C87E9}.Release|Any CPU.Build.0 = Release|Any CPU
		{5AE1F0F1-DAFA-46E7-959C-DA233B7C87E9}.VisualTests|Any CPU.ActiveCfg = Release|Any CPU
		{5AE1F0F1-DAFA-46E7-959C-DA233B7C87E9}.VisualTests|Any CPU.Build.0 = Release|Any CPU
		{B4577C85-CB83-462A-BCE3-22FFEB16311D}.Debug|Any CPU.ActiveCfg = Debug|Any CPU
		{B4577C85-CB83-462A-BCE3-22FFEB16311D}.Debug|Any CPU.Build.0 = Debug|Any CPU
		{B4577C85-CB83-462A-BCE3-22FFEB16311D}.Release|Any CPU.ActiveCfg = Release|Any CPU
		{B4577C85-CB83-462A-BCE3-22FFEB16311D}.Release|Any CPU.Build.0 = Release|Any CPU
		{B4577C85-CB83-462A-BCE3-22FFEB16311D}.VisualTests|Any CPU.ActiveCfg = Debug|Any CPU
		{B4577C85-CB83-462A-BCE3-22FFEB16311D}.VisualTests|Any CPU.Build.0 = Debug|Any CPU
	EndGlobalSection
	GlobalSection(SolutionProperties) = preSolution
		HideSolutionNode = FALSE
	EndGlobalSection
	GlobalSection(NestedProjects) = preSolution
	EndGlobalSection
	GlobalSection(ExtensibilityGlobals) = postSolution
		SolutionGuid = {671B0BEC-2403-45B0-9357-2C97CC517668}
	EndGlobalSection
	GlobalSection(MonoDevelopProperties) = preSolution
		Policies = $0
		$0.TextStylePolicy = $1
		$1.EolMarker = Windows
		$1.inheritsSet = VisualStudio
		$1.inheritsScope = text/plain
		$1.scope = text/x-csharp
		$0.CSharpFormattingPolicy = $2
		$2.IndentSwitchSection = True
		$2.NewLinesForBracesInProperties = True
		$2.NewLinesForBracesInAccessors = True
		$2.NewLinesForBracesInAnonymousMethods = True
		$2.NewLinesForBracesInControlBlocks = True
		$2.NewLinesForBracesInAnonymousTypes = True
		$2.NewLinesForBracesInObjectCollectionArrayInitializers = True
		$2.NewLinesForBracesInLambdaExpressionBody = True
		$2.NewLineForElse = True
		$2.NewLineForCatch = True
		$2.NewLineForFinally = True
		$2.NewLineForMembersInObjectInit = True
		$2.NewLineForMembersInAnonymousTypes = True
		$2.NewLineForClausesInQuery = True
		$2.SpacingAfterMethodDeclarationName = False
		$2.SpaceAfterMethodCallName = False
		$2.SpaceBeforeOpenSquareBracket = False
		$2.inheritsSet = Mono
		$2.inheritsScope = text/x-csharp
		$2.scope = text/x-csharp
	EndGlobalSection
	GlobalSection(MonoDevelopProperties) = preSolution
		Policies = $0
		$0.TextStylePolicy = $1
		$1.EolMarker = Windows
		$1.inheritsSet = VisualStudio
		$1.inheritsScope = text/plain
		$1.scope = text/x-csharp
		$0.CSharpFormattingPolicy = $2
		$2.IndentSwitchSection = True
		$2.NewLinesForBracesInProperties = True
		$2.NewLinesForBracesInAccessors = True
		$2.NewLinesForBracesInAnonymousMethods = True
		$2.NewLinesForBracesInControlBlocks = True
		$2.NewLinesForBracesInAnonymousTypes = True
		$2.NewLinesForBracesInObjectCollectionArrayInitializers = True
		$2.NewLinesForBracesInLambdaExpressionBody = True
		$2.NewLineForElse = True
		$2.NewLineForCatch = True
		$2.NewLineForFinally = True
		$2.NewLineForMembersInObjectInit = True
		$2.NewLineForMembersInAnonymousTypes = True
		$2.NewLineForClausesInQuery = True
		$2.SpacingAfterMethodDeclarationName = False
		$2.SpaceAfterMethodCallName = False
		$2.SpaceBeforeOpenSquareBracket = False
		$2.inheritsSet = Mono
		$2.inheritsScope = text/x-csharp
		$2.scope = text/x-csharp
	EndGlobalSection
EndGlobal
